
Microsoft Visual Studio Solution File, Format Version 12.00
# Visual Studio Version 17
VisualStudioVersion = 17.5.33502.453
MinimumVisualStudioVersion = 10.0.40219.1
Project("{FAE04EC0-301F-11D3-BF4B-00C04F79EFBC}") = "room", "room.csproj", "{43D15E4E-3B3C-47B3-862D-E892A672DF79}"
EndProject
Global
	GlobalSection(SolutionConfigurationPlatforms) = preSolution
		Debug|Any CPU = Debug|Any CPU
		Release|Any CPU = Release|Any CPU
	EndGlobalSection
	GlobalSection(ProjectConfigurationPlatforms) = postSolution
		{43D15E4E-3B3C-47B3-862D-E892A672DF79}.Debug|Any CPU.ActiveCfg = Debug|Any CPU
		{43D15E4E-3B3C-47B3-862D-E892A672DF79}.Debug|Any CPU.Build.0 = Debug|Any CPU
		{43D15E4E-3B3C-47B3-862D-E892A672DF79}.Release|Any CPU.ActiveCfg = Release|Any CPU
		{43D15E4E-3B3C-47B3-862D-E892A672DF79}.Release|Any CPU.Build.0 = Release|Any CPU
	EndGlobalSection
	GlobalSection(SolutionProperties) = preSolution
		HideSolutionNode = FALSE
	EndGlobalSection
	GlobalSection(ExtensibilityGlobals) = postSolution
		SolutionGuid = {7DC5DDE0-B405-4CC3-B05D-530B2AB80D06}
	EndGlobalSection
EndGlobal
